
Microsoft Visual Studio Solution File, Format Version 12.00
# Visual Studio Version 17
VisualStudioVersion = 17.0.32126.317
MinimumVisualStudioVersion = 10.0.40219.1
Project("{FAE04EC0-301F-11D3-BF4B-00C04F79EFBC}") = "Password Generation WinForm", "Password Generation WinForm\Password Generation WinForm.csproj", "{34F991F3-9A0F-4C2B-94A8-811C723FFA7C}"
EndProject
Global
	GlobalSection(SolutionConfigurationPlatforms) = preSolution
		Debug|Any CPU = Debug|Any CPU
		Release|Any CPU = Release|Any CPU
	EndGlobalSection
	GlobalSection(ProjectConfigurationPlatforms) = postSolution
		{34F991F3-9A0F-4C2B-94A8-811C723FFA7C}.Debug|Any CPU.ActiveCfg = Debug|Any CPU
		{34F991F3-9A0F-4C2B-94A8-811C723FFA7C}.Debug|Any CPU.Build.0 = Debug|Any CPU
		{34F991F3-9A0F-4C2B-94A8-811C723FFA7C}.Release|Any CPU.ActiveCfg = Release|Any CPU
		{34F991F3-9A0F-4C2B-94A8-811C723FFA7C}.Release|Any CPU.Build.0 = Release|Any CPU
	EndGlobalSection
	GlobalSection(SolutionProperties) = preSolution
		HideSolutionNode = FALSE
	EndGlobalSection
	GlobalSection(ExtensibilityGlobals) = postSolution
		SolutionGuid = {2EFF14EF-B49A-4BA5-9DBC-CA2A2974B2B1}
	EndGlobalSection
EndGlobal
